
Microsoft Visual Studio Solution File, Format Version 12.00
# Visual Studio Version 16
VisualStudioVersion = 16.0.30804.86
MinimumVisualStudioVersion = 10.0.40219.1
Project("{8BC9CEB8-8B4A-11D0-8D11-00A0C91BC942}") = "Framework", "Framework\Framework.vcxproj", "{1FB439A6-D645-46F4-BCB0-3669B1AB1B50}"
EndProject
Project("{8BC9CEB8-8B4A-11D0-8D11-00A0C91BC942}") = "Animation", "Animation\Animation.vcxproj", "{88770EE5-20CB-4633-B0DF-3AC6610EA746}"
	ProjectSection(ProjectDependencies) = postProject
		{2AEDBB2C-3624-4F78-B202-ED87F4608155} = {2AEDBB2C-3624-4F78-B202-ED87F4608155}
	EndProjectSection
EndProject
Project("{8BC9CEB8-8B4A-11D0-8D11-00A0C91BC942}") = "Graphics", "Graphics\Graphics.vcxproj", "{C7097FB9-8CB5-4C35-9886-867D7FC9169C}"
EndProject
Project("{8BC9CEB8-8B4A-11D0-8D11-00A0C91BC942}") = "Test", "Test\Test.vcxproj", "{A27A95F5-B970-484B-B00C-CE25256394AB}"
EndProject
Project("{8BC9CEB8-8B4A-11D0-8D11-00A0C91BC942}") = "Core", "Core\Core.vcxproj", "{2AEDBB2C-3624-4F78-B202-ED87F4608155}"
EndProject
Global
	GlobalSection(SolutionConfigurationPlatforms) = preSolution
		Debug|x64 = Debug|x64
		Debug|x86 = Debug|x86
		Release|x64 = Release|x64
		Release|x86 = Release|x86
	EndGlobalSection
	GlobalSection(ProjectConfigurationPlatforms) = postSolution
		{1FB439A6-D645-46F4-BCB0-3669B1AB1B50}.Debug|x64.ActiveCfg = Debug|x64
		{1FB439A6-D645-46F4-BCB0-3669B1AB1B50}.Debug|x64.Build.0 = Debug|x64
		{1FB439A6-D645-46F4-BCB0-3669B1AB1B50}.Debug|x86.ActiveCfg = Debug|Win32
		{1FB439A6-D645-46F4-BCB0-3669B1AB1B50}.Debug|x86.Build.0 = Debug|Win32
		{1FB439A6-D645-46F4-BCB0-3669B1AB1B50}.Release|x64.ActiveCfg = Release|x64
		{1FB439A6-D645-46F4-BCB0-3669B1AB1B50}.Release|x64.Build.0 = Release|x64
		{1FB439A6-D645-46F4-BCB0-3669B1AB1B50}.Release|x86.ActiveCfg = Release|Win32
		{1FB439A6-D645-46F4-BCB0-3669B1AB1B50}.Release|x86.Build.0 = Release|Win32
		{88770EE5-20CB-4633-B0DF-3AC6610EA746}.Debug|x64.ActiveCfg = Debug|x64
		{88770EE5-20CB-4633-B0DF-3AC6610EA746}.Debug|x64.Build.0 = Debug|x64
		{88770EE5-20CB-4633-B0DF-3AC6610EA746}.Debug|x86.ActiveCfg = Debug|Win32
		{88770EE5-20CB-4633-B0DF-3AC6610EA746}.Debug|x86.Build.0 = Debug|Win32
		{88770EE5-20CB-4633-B0DF-3AC6610EA746}.Release|x64.ActiveCfg = Release|x64
		{88770EE5-20CB-4633-B0DF-3AC6610EA746}.Release|x64.Build.0 = Release|x64
		{88770EE5-20CB-4633-B0DF-3AC6610EA746}.Release|x86.ActiveCfg = Release|Win32
		{88770EE5-20CB-4633-B0DF-3AC6610EA746}.Release|x86.Build.0 = Release|Win32
		{C7097FB9-8CB5-4C35-9886-867D7FC9169C}.Debug|x64.ActiveCfg = Debug|x64
		{C7097FB9-8CB5-4C35-9886-867D7FC9169C}.Debug|x64.Build.0 = Debug|x64
		{C7097FB9-8CB5-4C35-9886-867D7FC9169C}.Debug|x86.ActiveCfg = Debug|Win32
		{C7097FB9-8CB5-4C35-9886-867D7FC9169C}.Debug|x86.Build.0 = Debug|Win32
		{C7097FB9-8CB5-4C35-9886-867D7FC9169C}.Release|x64.ActiveCfg = Release|x64
		{C7097FB9-8CB5-4C35-9886-867D7FC9169C}.Release|x64.Build.0 = Release|x64
		{C7097FB9-8CB5-4C35-9886-867D7FC9169C}.Release|x86.ActiveCfg = Release|Win32
		{C7097FB9-8CB5-4C35-9886-867D7FC9169C}.Release|x86.Build.0 = Release|Win32
		{A27A95F5-B970-484B-B00C-CE25256394AB}.Debug|x64.ActiveCfg = Debug|x64
		{A27A95F5-B970-484B-B00C-CE25256394AB}.Debug|x64.Build.0 = Debug|x64
		{A27A95F5-B970-484B-B00C-CE25256394AB}.Debug|x86.ActiveCfg = Debug|Win32
		{A27A95F5-B970-484B-B00C-CE25256394AB}.Debug|x86.Build.0 = Debug|Win32
		{A27A95F5-B970-484B-B00C-CE25256394AB}.Release|x64.ActiveCfg = Release|x64
		{A27A95F5-B970-484B-B00C-CE25256394AB}.Release|x64.Build.0 = Release|x64
		{A27A95F5-B970-484B-B00C-CE25256394AB}.Release|x86.ActiveCfg = Release|Win32
		{A27A95F5-B970-484B-B00C-CE25256394AB}.Release|x86.Build.0 = Release|Win32
		{2AEDBB2C-3624-4F78-B202-ED87F4608155}.Debug|x64.ActiveCfg = Debug|x64
		{2AEDBB2C-3624-4F78-B202-ED87F4608155}.Debug|x64.Build.0 = Debug|x64
		{2AEDBB2C-3624-4F78-B202-ED87F4608155}.Debug|x86.ActiveCfg = Debug|Win32
		{2AEDBB2C-3624-4F78-B202-ED87F4608155}.Debug|x86.Build.0 = Debug|Win32
		{2AEDBB2C-3624-4F78-B202-ED87F4608155}.Release|x64.ActiveCfg = Release|x64
		{2AEDBB2C-3624-4F78-B202-ED87F4608155}.Release|x64.Build.0 = Release|x64
		{2AEDBB2C-3624-4F78-B202-ED87F4608155}.Release|x86.ActiveCfg = Release|Win32
		{2AEDBB2C-3624-4F78-B202-ED87F4608155}.Release|x86.Build.0 = Release|Win32
	EndGlobalSection
	GlobalSection(SolutionProperties) = preSolution
		HideSolutionNode = FALSE
	EndGlobalSection
	GlobalSection(ExtensibilityGlobals) = postSolution
		SolutionGuid = {958354F5-19A1-4EA4-B819-B2BF27DE87D3}
	EndGlobalSection
EndGlobal
