<?xml version="1.0" encoding="utf-8"?>
<Project ToolsVersion="4.0" xmlns="http://schemas.microsoft.com/developer/msbuild/2003">
  <ItemGroup>
    <Filter Include="ソース ファイル">
      <UniqueIdentifier>{4FC737F1-C7A5-4376-A066-2A32D752A2FF}</UniqueIdentifier>
      <Extensions>cpp;c;cc;cxx;c++;cppm;ixx;def;odl;idl;hpj;bat;asm;asmx</Extensions>
    </Filter>
    <Filter Include="ヘッダー ファイル">
      <UniqueIdentifier>{93995380-89BD-4b04-88EB-625FBE52EBFB}</UniqueIdentifier>
      <Extensions>h;hh;hpp;hxx;h++;hm;inl;inc;ipp;xsd</Extensions>
    </Filter>
    <Filter Include="リソース ファイル">
      <UniqueIdentifier>{67DA6AB6-F800-4c08-8B7A-83BB121AAD01}</UniqueIdentifier>
      <Extensions>rc;ico;cur;bmp;dlg;rc2;rct;bin;rgs;gif;jpg;jpeg;jpe;resx;tiff;tif;png;wav;mfcribbon-ms</Extensions>
    </Filter>
    <Filter Include="ヘッダー ファイル\Motion">
      <UniqueIdentifier>{d9e1f351-e5ce-4a5d-af67-03ba386d8e93}</UniqueIdentifier>
    </Filter>
    <Filter Include="ソース ファイル\Motion">
      <UniqueIdentifier>{7eaf0465-9fc0-4dd9-be34-135c06795a5b}</UniqueIdentifier>
    </Filter>
    <Filter Include="ソース ファイル\Curve">
      <UniqueIdentifier>{4d97a8eb-af71-4433-a7cd-6bad58011a5b}</UniqueIdentifier>
    </Filter>
    <Filter Include="ソース ファイル\Animation">
      <UniqueIdentifier>{a5b4492c-83d8-4f5c-b68a-d9e8c38155cc}</UniqueIdentifier>
    </Filter>
    <Filter Include="ヘッダー ファイル\Curve">
      <UniqueIdentifier>{09252695-ac40-4451-a27f-07b9824b939f}</UniqueIdentifier>
    </Filter>
    <Filter Include="ヘッダー ファイル\Animation">
      <UniqueIdentifier>{8cdff8a7-84ed-4e22-960b-26ec625d8680}</UniqueIdentifier>
    </Filter>
    <Filter Include="ヘッダー ファイル\State">
      <UniqueIdentifier>{3137f2de-d59c-47e8-b1c2-8a5f6a6116b8}</UniqueIdentifier>
    </Filter>
  </ItemGroup>
  <ItemGroup>
    <ClCompile Include="src\Skeleton.cpp">
      <Filter>ソース ファイル</Filter>
    </ClCompile>
    <ClCompile Include="src\MorphTarget.cpp">
      <Filter>ソース ファイル</Filter>
    </ClCompile>
    <ClCompile Include="src\AnimationClip.cpp">
      <Filter>ソース ファイル\Motion</Filter>
    </ClCompile>
    <ClCompile Include="src\BlendTree.cpp">
      <Filter>ソース ファイル\Motion</Filter>
    </ClCompile>
    <ClCompile Include="src\Motion.cpp">
      <Filter>ソース ファイル\Motion</Filter>
    </ClCompile>
    <ClCompile Include="src\AnimationCurve.cpp">
      <Filter>ソース ファイル\Curve</Filter>
    </ClCompile>
    <ClCompile Include="src\Animation.cpp">
      <Filter>ソース ファイル\Animation</Filter>
    </ClCompile>
    <ClCompile Include="src\FacialAnimation.cpp">
      <Filter>ソース ファイル\Animation</Filter>
    </ClCompile>
    <ClCompile Include="src\FlipbookAnimation.cpp">
      <Filter>ソース ファイル\Animation</Filter>
    </ClCompile>
    <ClCompile Include="src\SkeletalAnimation.cpp">
      <Filter>ソース ファイル\Animation</Filter>
    </ClCompile>
    <ClCompile Include="src\SpriteAnimation.cpp">
      <Filter>ソース ファイル\Animation</Filter>
    </ClCompile>
    <ClCompile Include="src\SpriteBone.cpp">
      <Filter>ソース ファイル</Filter>
    </ClCompile>
    <ClCompile Include="src\Joint.cpp">
      <Filter>ソース ファイル</Filter>
    </ClCompile>
    <ClCompile Include="src\AnimationChannel.cpp">
      <Filter>ソース ファイル</Filter>
    </ClCompile>
    <ClCompile Include="src\AnimationState.cpp">
      <Filter>ソース ファイル</Filter>
    </ClCompile>
  </ItemGroup>
  <ItemGroup>
    <ClInclude Include="include\Keyframe.h">
      <Filter>ヘッダー ファイル</Filter>
    </ClInclude>
    <ClInclude Include="include\Skeleton.h">
      <Filter>ヘッダー ファイル</Filter>
    </ClInclude>
    <ClInclude Include="include\MorphTarget.h">
      <Filter>ヘッダー ファイル</Filter>
    </ClInclude>
    <ClInclude Include="include\AnimationClip.h">
      <Filter>ヘッダー ファイル\Motion</Filter>
    </ClInclude>
    <ClInclude Include="include\BlendTree.h">
      <Filter>ヘッダー ファイル\Motion</Filter>
    </ClInclude>
    <ClInclude Include="include\Motion.h">
      <Filter>ヘッダー ファイル\Motion</Filter>
    </ClInclude>
    <ClInclude Include="include\AnimationCurve.h">
      <Filter>ヘッダー ファイル\Curve</Filter>
    </ClInclude>
    <ClInclude Include="include\Animation.h">
      <Filter>ヘッダー ファイル\Animation</Filter>
    </ClInclude>
    <ClInclude Include="include\FacialAnimation.h">
      <Filter>ヘッダー ファイル\Animation</Filter>
    </ClInclude>
    <ClInclude Include="include\FlipbookAnimation.h">
      <Filter>ヘッダー ファイル\Animation</Filter>
    </ClInclude>
    <ClInclude Include="include\SkeletalAnimation.h">
      <Filter>ヘッダー ファイル\Animation</Filter>
    </ClInclude>
    <ClInclude Include="include\SpriteAnimation.h">
      <Filter>ヘッダー ファイル\Animation</Filter>
    </ClInclude>
    <ClInclude Include="include\AnimationState.h">
      <Filter>ヘッダー ファイル\State</Filter>
    </ClInclude>
    <ClInclude Include="include\AnimationStateMachine.h">
      <Filter>ヘッダー ファイル\State</Filter>
    </ClInclude>
    <ClInclude Include="include\AnimationStateTransition.h">
      <Filter>ヘッダー ファイル\State</Filter>
    </ClInclude>
    <ClInclude Include="include\SpriteBone.h">
      <Filter>ヘッダー ファイル</Filter>
    </ClInclude>
    <ClInclude Include="include\SpriteSkeleton.h">
      <Filter>ヘッダー ファイル</Filter>
    </ClInclude>
    <ClInclude Include="include\Joint.h">
      <Filter>ヘッダー ファイル</Filter>
    </ClInclude>
    <ClInclude Include="include\AnimationChannel.h">
      <Filter>ヘッダー ファイル</Filter>
    </ClInclude>
    <ClInclude Include="include\AnimationLayer.h">
      <Filter>ヘッダー ファイル</Filter>
    </ClInclude>
  </ItemGroup>
  <ItemGroup>
    <Text Include="新しいテキスト ドキュメント.txt" />
  </ItemGroup>
</Project>